PODS:
  - RxBlocking (3.0.1):
    - RxSwift (~> 3.0)
  - RxCocoa (3.0.1):
    - RxSwift (~> 3.0)
  - RxDataSources (1.0.0):
    - RxCocoa (~> 3.0)
    - RxSwift (~> 3.0)
  - RxSwift (3.0.1)
  - RxTest (3.0.1):
    - RxSwift (~> 3.0)

DEPENDENCIES:
  - RxBlocking
  - RxCocoa
  - RxDataSources
  - RxSwift
  - RxTest

SPEC CHECKSUMS:
  RxBlocking: 5de082d09d1ab45b49173f309f1a97d6b50f34c4
  RxCocoa: 15a52fc590dcc700cb4a690a633b5c5184ce3a78
  RxDataSources: 824693e84d00781d0a5e5cedc1ff95ce9250aacd
  RxSwift: af5680055c4ad04480189c52d28385b1029493a6
  RxTest: 9867e6f3c435af30fbdb44b6d8ec30b78c40b515

PODFILE CHECKSUM: d8625b15813ff1f84adca32a82092541b2003587

COCOAPODS: 1.0.0
