// !$*UTF8*$!
{
	archiveVersion = 1;
	classes = {
	};
	objectVersion = 46;
	objects = {

/* Begin PBXBuildFile section */
		C7ED9DDB28B5F3DDFF5EB5DD /* Pods_RxDemoTests.framework in Frameworks */ = {isa = PBXBuildFile; fileRef = 0863F86EF9D7EA14292A4B13 /* Pods_RxDemoTests.framework */; };
		DF8B4181E763AFFEB271DAFF /* Pods_RxDemoUITests.framework in Frameworks */ = {isa = PBXBuildFile; fileRef = 102EC682EACFA835E2655AFA /* Pods_RxDemoUITests.framework */; };
		E982420EF36F088BB94AFBB1 /* Pods_RxDemo.framework in Frameworks */ = {isa = PBXBuildFile; fileRef = C5AC7C3E757C9AFF5471A8A3 /* Pods_RxDemo.framework */; };
		FE2415F61E1B7BD20078051E /* UserModel.swift in Sources */ = {isa = PBXBuildFile; fileRef = FE2415F51E1B7BD20078051E /* UserModel.swift */; };
		FE2415F81E1B82EA0078051E /* NetworkController.swift in Sources */ = {isa = PBXBuildFile; fileRef = FE2415F71E1B82EA0078051E /* NetworkController.swift */; };
		FE2415FB1E1BAA170078051E /* Observable+ObjectMapper.swift in Sources */ = {isa = PBXBuildFile; fileRef = FE2415FA1E1BAA170078051E /* Observable+ObjectMapper.swift */; };
		FE4243451DE533E300319203 /* ContentOffsetController.swift in Sources */ = {isa = PBXBuildFile; fileRef = FE4243431DE533E300319203 /* ContentOffsetController.swift */; };
		FE4243461DE533E300319203 /* ViewController.swift in Sources */ = {isa = PBXBuildFile; fileRef = FE4243441DE533E300319203 /* ViewController.swift */; };
		FE4243481DE5342400319203 /* BasicModel.swift in Sources */ = {isa = PBXBuildFile; fileRef = FE4243471DE5342400319203 /* BasicModel.swift */; };
		FE42434A1DE5620C00319203 /* BasicCell.swift in Sources */ = {isa = PBXBuildFile; fileRef = FE4243491DE5620C00319203 /* BasicCell.swift */; };
		FE42434D1DE57C6100319203 /* SupportFunction.swift in Sources */ = {isa = PBXBuildFile; fileRef = FE42434C1DE57C6100319203 /* SupportFunction.swift */; };
		FEB9FABD1E1E29C6002FA0E2 /* Request+ObjectMapper.swift in Sources */ = {isa = PBXBuildFile; fileRef = FEB9FABC1E1E29C6002FA0E2 /* Request+ObjectMapper.swift */; };
		FEB9FABF1E1E2C4D002FA0E2 /* Response+ObjectMapper.swift in Sources */ = {isa = PBXBuildFile; fileRef = FEB9FABE1E1E2C4D002FA0E2 /* Response+ObjectMapper.swift */; };
		FEBA6DE11DE2C4EA000478D9 /* AppDelegate.swift in Sources */ = {isa = PBXBuildFile; fileRef = FEBA6DE01DE2C4EA000478D9 /* AppDelegate.swift */; };
		FEBA6DE61DE2C4EA000478D9 /* Main.storyboard in Resources */ = {isa = PBXBuildFile; fileRef = FEBA6DE41DE2C4EA000478D9 /* Main.storyboard */; };
		FEBA6DE81DE2C4EA000478D9 /* Assets.xcassets in Resources */ = {isa = PBXBuildFile; fileRef = FEBA6DE71DE2C4EA000478D9 /* Assets.xcassets */; };
		FEBA6DEB1DE2C4EA000478D9 /* LaunchScreen.storyboard in Resources */ = {isa = PBXBuildFile; fileRef = FEBA6DE91DE2C4EA000478D9 /* LaunchScreen.storyboard */; };
		FEBA6DF61DE2C4EB000478D9 /* RxDemoTests.swift in Sources */ = {isa = PBXBuildFile; fileRef = FEBA6DF51DE2C4EB000478D9 /* RxDemoTests.swift */; };
		FEBA6E011DE2C4EB000478D9 /* RxDemoUITests.swift in Sources */ = {isa = PBXBuildFile; fileRef = FEBA6E001DE2C4EB000478D9 /* RxDemoUITests.swift */; };
		FEF1F9F91DEE671E0018DFFB /* SectionTableViewController.swift in Sources */ = {isa = PBXBuildFile; fileRef = FEF1F9F81DEE671E0018DFFB /* SectionTableViewController.swift */; };
/* End PBXBuildFile section */

/* Begin PBXContainerItemProxy section */
		FEBA6DF21DE2C4EA000478D9 /* PBXContainerItemProxy */ = {
			isa = PBXContainerItemProxy;
			containerPortal = FEBA6DD51DE2C4EA000478D9 /* Project object */;
			proxyType = 1;
			remoteGlobalIDString = FEBA6DDC1DE2C4EA000478D9;
			remoteInfo = RxDemo;
		};
		FEBA6DFD1DE2C4EB000478D9 /* PBXContainerItemProxy */ = {
			isa = PBXContainerItemProxy;
			containerPortal = FEBA6DD51DE2C4EA000478D9 /* Project object */;
			proxyType = 1;
			remoteGlobalIDString = FEBA6DDC1DE2C4EA000478D9;
			remoteInfo = RxDemo;
		};
/* End PBXContainerItemProxy section */

/* Begin PBXFileReference section */
		073AB0D7292CE25D11A46349 /* Pods-RxDemo.release.xcconfig */ = {isa = PBXFileReference; includeInIndex = 1; lastKnownFileType = text.xcconfig; name = "Pods-RxDemo.release.xcconfig"; path = "Pods/Target Support Files/Pods-RxDemo/Pods-RxDemo.release.xcconfig"; sourceTree = "<group>"; };
		077ACC06503CEFD86D10B676 /* Pods-RxDemoUITests.debug.xcconfig */ = {isa = PBXFileReference; includeInIndex = 1; lastKnownFileType = text.xcconfig; name = "Pods-RxDemoUITests.debug.xcconfig"; path = "Pods/Target Support Files/Pods-RxDemoUITests/Pods-RxDemoUITests.debug.xcconfig"; sourceTree = "<group>"; };
		0863F86EF9D7EA14292A4B13 /* Pods_RxDemoTests.framework */ = {isa = PBXFileReference; explicitFileType = wrapper.framework; includeInIndex = 0; path = Pods_RxDemoTests.framework; sourceTree = BUILT_PRODUCTS_DIR; };
		0918076108F378861A0A60DB /* Pods-RxDemoUITests.release.xcconfig */ = {isa = PBXFileReference; includeInIndex = 1; lastKnownFileType = text.xcconfig; name = "Pods-RxDemoUITests.release.xcconfig"; path = "Pods/Target Support Files/Pods-RxDemoUITests/Pods-RxDemoUITests.release.xcconfig"; sourceTree = "<group>"; };
		102EC682EACFA835E2655AFA /* Pods_RxDemoUITests.framework */ = {isa = PBXFileReference; explicitFileType = wrapper.framework; includeInIndex = 0; path = Pods_RxDemoUITests.framework; sourceTree = BUILT_PRODUCTS_DIR; };
		7DD3A6FFE6CDF1F925A06AF3 /* Pods-RxDemoTests.debug.xcconfig */ = {isa = PBXFileReference; includeInIndex = 1; lastKnownFileType = text.xcconfig; name = "Pods-RxDemoTests.debug.xcconfig"; path = "Pods/Target Support Files/Pods-RxDemoTests/Pods-RxDemoTests.debug.xcconfig"; sourceTree = "<group>"; };
		C5AC7C3E757C9AFF5471A8A3 /* Pods_RxDemo.framework */ = {isa = PBXFileReference; explicitFileType = wrapper.framework; includeInIndex = 0; path = Pods_RxDemo.framework; sourceTree = BUILT_PRODUCTS_DIR; };
		D1EEC142D26A7707E25A4447 /* Pods-RxDemoTests.release.xcconfig */ = {isa = PBXFileReference; includeInIndex = 1; lastKnownFileType = text.xcconfig; name = "Pods-RxDemoTests.release.xcconfig"; path = "Pods/Target Support Files/Pods-RxDemoTests/Pods-RxDemoTests.release.xcconfig"; sourceTree = "<group>"; };
		FE2415F51E1B7BD20078051E /* UserModel.swift */ = {isa = PBXFileReference; fileEncoding = 4; lastKnownFileType = sourcecode.swift; path = UserModel.swift; sourceTree = "<group>"; };
		FE2415F71E1B82EA0078051E /* NetworkController.swift */ = {isa = PBXFileReference; fileEncoding = 4; lastKnownFileType = sourcecode.swift; path = NetworkController.swift; sourceTree = "<group>"; };
		FE2415FA1E1BAA170078051E /* Observable+ObjectMapper.swift */ = {isa = PBXFileReference; fileEncoding = 4; lastKnownFileType = sourcecode.swift; path = "Observable+ObjectMapper.swift"; sourceTree = "<group>"; };
		FE4243431DE533E300319203 /* ContentOffsetController.swift */ = {isa = PBXFileReference; fileEncoding = 4; lastKnownFileType = sourcecode.swift; path = ContentOffsetController.swift; sourceTree = "<group>"; };
		FE4243441DE533E300319203 /* ViewController.swift */ = {isa = PBXFileReference; fileEncoding = 4; lastKnownFileType = sourcecode.swift; path = ViewController.swift; sourceTree = "<group>"; };
		FE4243471DE5342400319203 /* BasicModel.swift */ = {isa = PBXFileReference; fileEncoding = 4; lastKnownFileType = sourcecode.swift; path = BasicModel.swift; sourceTree = "<group>"; };
		FE4243491DE5620C00319203 /* BasicCell.swift */ = {isa = PBXFileReference; fileEncoding = 4; lastKnownFileType = sourcecode.swift; path = BasicCell.swift; sourceTree = "<group>"; };
		FE42434C1DE57C6100319203 /* SupportFunction.swift */ = {isa = PBXFileReference; fileEncoding = 4; lastKnownFileType = sourcecode.swift; path = SupportFunction.swift; sourceTree = "<group>"; };
		FE42BF971E23307B002E774E /* Subject.playground */ = {isa = PBXFileReference; lastKnownFileType = file.playground; path = Subject.playground; sourceTree = "<group>"; };
		FE9918661E27762E00178174 /* 变换-过滤-组合序列.playground */ = {isa = PBXFileReference; lastKnownFileType = file.playground; path = "变换-过滤-组合序列.playground"; sourceTree = "<group>"; };
		FEB9FABC1E1E29C6002FA0E2 /* Request+ObjectMapper.swift */ = {isa = PBXFileReference; fileEncoding = 4; lastKnownFileType = sourcecode.swift; path = "Request+ObjectMapper.swift"; sourceTree = "<group>"; };
		FEB9FABE1E1E2C4D002FA0E2 /* Response+ObjectMapper.swift */ = {isa = PBXFileReference; fileEncoding = 4; lastKnownFileType = sourcecode.swift; path = "Response+ObjectMapper.swift"; sourceTree = "<group>"; };
		FEB9FAC01E1E3357002FA0E2 /* Rx.playground */ = {isa = PBXFileReference; lastKnownFileType = file.playground; path = Rx.playground; sourceTree = "<group>"; };
		FEBA6DDD1DE2C4EA000478D9 /* RxDemo.app */ = {isa = PBXFileReference; explicitFileType = wrapper.application; includeInIndex = 0; path = RxDemo.app; sourceTree = BUILT_PRODUCTS_DIR; };
		FEBA6DE01DE2C4EA000478D9 /* AppDelegate.swift */ = {isa = PBXFileReference; lastKnownFileType = sourcecode.swift; path = AppDelegate.swift; sourceTree = "<group>"; };
		FEBA6DE51DE2C4EA000478D9 /* Base */ = {isa = PBXFileReference; lastKnownFileType = file.storyboard; name = Base; path = Base.lproj/Main.storyboard; sourceTree = "<group>"; };
		FEBA6DE71DE2C4EA000478D9 /* Assets.xcassets */ = {isa = PBXFileReference; lastKnownFileType = folder.assetcatalog; path = Assets.xcassets; sourceTree = "<group>"; };
		FEBA6DEA1DE2C4EA000478D9 /* Base */ = {isa = PBXFileReference; lastKnownFileType = file.storyboard; name = Base; path = Base.lproj/LaunchScreen.storyboard; sourceTree = "<group>"; };
		FEBA6DEC1DE2C4EA000478D9 /* Info.plist */ = {isa = PBXFileReference; lastKnownFileType = text.plist.xml; path = Info.plist; sourceTree = "<group>"; };
		FEBA6DF11DE2C4EA000478D9 /* RxDemoTests.xctest */ = {isa = PBXFileReference; explicitFileType = wrapper.cfbundle; includeInIndex = 0; path = RxDemoTests.xctest; sourceTree = BUILT_PRODUCTS_DIR; };
		FEBA6DF51DE2C4EB000478D9 /* RxDemoTests.swift */ = {isa = PBXFileReference; lastKnownFileType = sourcecode.swift; path = RxDemoTests.swift; sourceTree = "<group>"; };
		FEBA6DF71DE2C4EB000478D9 /* Info.plist */ = {isa = PBXFileReference; lastKnownFileType = text.plist.xml; path = Info.plist; sourceTree = "<group>"; };
		FEBA6DFC1DE2C4EB000478D9 /* RxDemoUITests.xctest */ = {isa = PBXFileReference; explicitFileType = wrapper.cfbundle; includeInIndex = 0; path = RxDemoUITests.xctest; sourceTree = BUILT_PRODUCTS_DIR; };
		FEBA6E001DE2C4EB000478D9 /* RxDemoUITests.swift */ = {isa = PBXFileReference; lastKnownFileType = sourcecode.swift; path = RxDemoUITests.swift; sourceTree = "<group>"; };
		FEBA6E021DE2C4EB000478D9 /* Info.plist */ = {isa = PBXFileReference; lastKnownFileType = text.plist.xml; path = Info.plist; sourceTree = "<group>"; };
		FEC27D9F1E25C5930066319E /* ErrorHandle.playground */ = {isa = PBXFileReference; lastKnownFileType = file.playground; path = ErrorHandle.playground; sourceTree = "<group>"; };
		FEE173E87ABA740246863C2C /* Pods-RxDemo.debug.xcconfig */ = {isa = PBXFileReference; includeInIndex = 1; lastKnownFileType = text.xcconfig; name = "Pods-RxDemo.debug.xcconfig"; path = "Pods/Target Support Files/Pods-RxDemo/Pods-RxDemo.debug.xcconfig"; sourceTree = "<group>"; };
		FEF1F9F81DEE671E0018DFFB /* SectionTableViewController.swift */ = {isa = PBXFileReference; fileEncoding = 4; lastKnownFileType = sourcecode.swift; path = SectionTableViewController.swift; sourceTree = "<group>"; };
/* End PBXFileReference section */

/* Begin PBXFrameworksBuildPhase section */
		FEBA6DDA1DE2C4EA000478D9 /* Frameworks */ = {
			isa = PBXFrameworksBuildPhase;
			buildActionMask = 2147483647;
			files = (
				E982420EF36F088BB94AFBB1 /* Pods_RxDemo.framework in Frameworks */,
			);
			runOnlyForDeploymentPostprocessing = 0;
		};
		FEBA6DEE1DE2C4EA000478D9 /* Frameworks */ = {
			isa = PBXFrameworksBuildPhase;
			buildActionMask = 2147483647;
			files = (
				C7ED9DDB28B5F3DDFF5EB5DD /* Pods_RxDemoTests.framework in Frameworks */,
			);
			runOnlyForDeploymentPostprocessing = 0;
		};
		FEBA6DF91DE2C4EB000478D9 /* Frameworks */ = {
			isa = PBXFrameworksBuildPhase;
			buildActionMask = 2147483647;
			files = (
				DF8B4181E763AFFEB271DAFF /* Pods_RxDemoUITests.framework in Frameworks */,
			);
			runOnlyForDeploymentPostprocessing = 0;
		};
/* End PBXFrameworksBuildPhase section */

/* Begin PBXGroup section */
		406FA951B1D9566FF43B7813 /* Frameworks */ = {
			isa = PBXGroup;
			children = (
				C5AC7C3E757C9AFF5471A8A3 /* Pods_RxDemo.framework */,
				0863F86EF9D7EA14292A4B13 /* Pods_RxDemoTests.framework */,
				102EC682EACFA835E2655AFA /* Pods_RxDemoUITests.framework */,
			);
			name = Frameworks;
			sourceTree = "<group>";
		};
		F4742DC9967F2ADF2AEB6323 /* Pods */ = {
			isa = PBXGroup;
			children = (
				FEE173E87ABA740246863C2C /* Pods-RxDemo.debug.xcconfig */,
				073AB0D7292CE25D11A46349 /* Pods-RxDemo.release.xcconfig */,
				7DD3A6FFE6CDF1F925A06AF3 /* Pods-RxDemoTests.debug.xcconfig */,
				D1EEC142D26A7707E25A4447 /* Pods-RxDemoTests.release.xcconfig */,
				077ACC06503CEFD86D10B676 /* Pods-RxDemoUITests.debug.xcconfig */,
				0918076108F378861A0A60DB /* Pods-RxDemoUITests.release.xcconfig */,
			);
			name = Pods;
			sourceTree = "<group>";
		};
		FE2415F21E1B4DB60078051E /* Network */ = {
			isa = PBXGroup;
			children = (
				FE2415F71E1B82EA0078051E /* NetworkController.swift */,
				FE2415F51E1B7BD20078051E /* UserModel.swift */,
				FE2415F91E1BA8860078051E /* ObjectMapper */,
			);
			path = Network;
			sourceTree = "<group>";
		};
		FE2415F91E1BA8860078051E /* ObjectMapper */ = {
			isa = PBXGroup;
			children = (
				FE2415FA1E1BAA170078051E /* Observable+ObjectMapper.swift */,
				FEB9FABC1E1E29C6002FA0E2 /* Request+ObjectMapper.swift */,
				FEB9FABE1E1E2C4D002FA0E2 /* Response+ObjectMapper.swift */,
			);
			path = ObjectMapper;
			sourceTree = "<group>";
		};
		FE4243421DE533E300319203 /* RxWhy */ = {
			isa = PBXGroup;
			children = (
				FE4243431DE533E300319203 /* ContentOffsetController.swift */,
				FE4243441DE533E300319203 /* ViewController.swift */,
				FE4243471DE5342400319203 /* BasicModel.swift */,
				FE4243491DE5620C00319203 /* BasicCell.swift */,
				FEF1F9F81DEE671E0018DFFB /* SectionTableViewController.swift */,
			);
			path = RxWhy;
			sourceTree = "<group>";
		};
		FE42434B1DE57C3C00319203 /* Support */ = {
			isa = PBXGroup;
			children = (
				FE42434C1DE57C6100319203 /* SupportFunction.swift */,
			);
			path = Support;
			sourceTree = "<group>";
		};
		FEBA6DD41DE2C4EA000478D9 = {
			isa = PBXGroup;
			children = (
				FEBA6DDF1DE2C4EA000478D9 /* RxDemo */,
				FEBA6DF41DE2C4EA000478D9 /* RxDemoTests */,
				FEBA6DFF1DE2C4EB000478D9 /* RxDemoUITests */,
				FEBA6DDE1DE2C4EA000478D9 /* Products */,
				F4742DC9967F2ADF2AEB6323 /* Pods */,
				406FA951B1D9566FF43B7813 /* Frameworks */,
			);
			sourceTree = "<group>";
		};
		FEBA6DDE1DE2C4EA000478D9 /* Products */ = {
			isa = PBXGroup;
			children = (
				FEBA6DDD1DE2C4EA000478D9 /* RxDemo.app */,
				FEBA6DF11DE2C4EA000478D9 /* RxDemoTests.xctest */,
				FEBA6DFC1DE2C4EB000478D9 /* RxDemoUITests.xctest */,
			);
			name = Products;
			sourceTree = "<group>";
		};
		FEBA6DDF1DE2C4EA000478D9 /* RxDemo */ = {
			isa = PBXGroup;
			children = (
				FE2415F21E1B4DB60078051E /* Network */,
				FE42434B1DE57C3C00319203 /* Support */,
				FE4243421DE533E300319203 /* RxWhy */,
				FEBA6DE01DE2C4EA000478D9 /* AppDelegate.swift */,
				FEBA6DE41DE2C4EA000478D9 /* Main.storyboard */,
				FEBA6DE71DE2C4EA000478D9 /* Assets.xcassets */,
				FEBA6DE91DE2C4EA000478D9 /* LaunchScreen.storyboard */,
				FEBA6DEC1DE2C4EA000478D9 /* Info.plist */,
				FE9918661E27762E00178174 /* 变换-过滤-组合序列.playground */,
				FEC27D9F1E25C5930066319E /* ErrorHandle.playground */,
				FEB9FAC01E1E3357002FA0E2 /* Rx.playground */,
				FE42BF971E23307B002E774E /* Subject.playground */,
			);
			path = RxDemo;
			sourceTree = "<group>";
		};
		FEBA6DF41DE2C4EA000478D9 /* RxDemoTests */ = {
			isa = PBXGroup;
			children = (
				FEBA6DF51DE2C4EB000478D9 /* RxDemoTests.swift */,
				FEBA6DF71DE2C4EB000478D9 /* Info.plist */,
			);
			path = RxDemoTests;
			sourceTree = "<group>";
		};
		FEBA6DFF1DE2C4EB000478D9 /* RxDemoUITests */ = {
			isa = PBXGroup;
			children = (
				FEBA6E001DE2C4EB000478D9 /* RxDemoUITests.swift */,
				FEBA6E021DE2C4EB000478D9 /* Info.plist */,
			);
			path = RxDemoUITests;
			sourceTree = "<group>";
		};
/* End PBXGroup section */

/* Begin PBXNativeTarget section */
		FEBA6DDC1DE2C4EA000478D9 /* RxDemo */ = {
			isa = PBXNativeTarget;
			buildConfigurationList = FEBA6E051DE2C4EB000478D9 /* Build configuration list for PBXNativeTarget "RxDemo" */;
			buildPhases = (
				D611EB6BD6F384D900AC2136 /* 📦 Check Pods Manifest.lock */,
				FEBA6DD91DE2C4EA000478D9 /* Sources */,
				FEBA6DDA1DE2C4EA000478D9 /* Frameworks */,
				FEBA6DDB1DE2C4EA000478D9 /* Resources */,
				D900686EAF9752E86B71B773 /* 📦 Embed Pods Frameworks */,
				5E1C0BA28FACE65DB79E87EE /* 📦 Copy Pods Resources */,
			);
			buildRules = (
			);
			dependencies = (
			);
			name = RxDemo;
			productName = RxDemo;
			productReference = FEBA6DDD1DE2C4EA000478D9 /* RxDemo.app */;
			productType = "com.apple.product-type.application";
		};
		FEBA6DF01DE2C4EA000478D9 /* RxDemoTests */ = {
			isa = PBXNativeTarget;
			buildConfigurationList = FEBA6E081DE2C4EB000478D9 /* Build configuration list for PBXNativeTarget "RxDemoTests" */;
			buildPhases = (
				D7B06F1C907CF27893A6EDE9 /* 📦 Check Pods Manifest.lock */,
				FEBA6DED1DE2C4EA000478D9 /* Sources */,
				FEBA6DEE1DE2C4EA000478D9 /* Frameworks */,
				FEBA6DEF1DE2C4EA000478D9 /* Resources */,
				F13F587530D9151A6550C38A /* 📦 Embed Pods Frameworks */,
				5DBDC396CAFD295D293661EA /* 📦 Copy Pods Resources */,
			);
			buildRules = (
			);
			dependencies = (
				FEBA6DF31DE2C4EA000478D9 /* PBXTargetDependency */,
			);
			name = RxDemoTests;
			productName = RxDemoTests;
			productReference = FEBA6DF11DE2C4EA000478D9 /* RxDemoTests.xctest */;
			productType = "com.apple.product-type.bundle.unit-test";
		};
		FEBA6DFB1DE2C4EB000478D9 /* RxDemoUITests */ = {
			isa = PBXNativeTarget;
			buildConfigurationList = FEBA6E0B1DE2C4EB000478D9 /* Build configuration list for PBXNativeTarget "RxDemoUITests" */;
			buildPhases = (
				91EE1263C0BBD1D9C90962CF /* 📦 Check Pods Manifest.lock */,
				FEBA6DF81DE2C4EB000478D9 /* Sources */,
				FEBA6DF91DE2C4EB000478D9 /* Frameworks */,
				FEBA6DFA1DE2C4EB000478D9 /* Resources */,
				D40D8A39E062377715F6F36F /* 📦 Copy Pods Resources */,
			);
			buildRules = (
			);
			dependencies = (
				FEBA6DFE1DE2C4EB000478D9 /* PBXTargetDependency */,
			);
			name = RxDemoUITests;
			productName = RxDemoUITests;
			productReference = FEBA6DFC1DE2C4EB000478D9 /* RxDemoUITests.xctest */;
			productType = "com.apple.product-type.bundle.ui-testing";
		};
/* End PBXNativeTarget section */

/* Begin PBXProject section */
		FEBA6DD51DE2C4EA000478D9 /* Project object */ = {
			isa = PBXProject;
			attributes = {
				LastSwiftUpdateCheck = 0800;
				LastUpgradeCheck = 0810;
				ORGANIZATIONNAME = Zoey;
				TargetAttributes = {
					FEBA6DDC1DE2C4EA000478D9 = {
						CreatedOnToolsVersion = 8.0;
						DevelopmentTeam = B769F6JR7B;
						ProvisioningStyle = Automatic;
					};
					FEBA6DF01DE2C4EA000478D9 = {
						CreatedOnToolsVersion = 8.0;
						ProvisioningStyle = Automatic;
						TestTargetID = FEBA6DDC1DE2C4EA000478D9;
					};
					FEBA6DFB1DE2C4EB000478D9 = {
						CreatedOnToolsVersion = 8.0;
						ProvisioningStyle = Automatic;
						TestTargetID = FEBA6DDC1DE2C4EA000478D9;
					};
				};
			};
			buildConfigurationList = FEBA6DD81DE2C4EA000478D9 /* Build configuration list for PBXProject "RxDemo" */;
			compatibilityVersion = "Xcode 3.2";
			developmentRegion = English;
			hasScannedForEncodings = 0;
			knownRegions = (
				en,
				Base,
			);
			mainGroup = FEBA6DD41DE2C4EA000478D9;
			productRefGroup = FEBA6DDE1DE2C4EA000478D9 /* Products */;
			projectDirPath = "";
			projectRoot = "";
			targets = (
				FEBA6DDC1DE2C4EA000478D9 /* RxDemo */,
				FEBA6DF01DE2C4EA000478D9 /* RxDemoTests */,
				FEBA6DFB1DE2C4EB000478D9 /* RxDemoUITests */,
			);
		};
/* End PBXProject section */

/* Begin PBXResourcesBuildPhase section */
		FEBA6DDB1DE2C4EA000478D9 /* Resources */ = {
			isa = PBXResourcesBuildPhase;
			buildActionMask = 2147483647;
			files = (
				FEBA6DEB1DE2C4EA000478D9 /* LaunchScreen.storyboard in Resources */,
				FEBA6DE81DE2C4EA000478D9 /* Assets.xcassets in Resources */,
				FEBA6DE61DE2C4EA000478D9 /* Main.storyboard in Resources */,
			);
			runOnlyForDeploymentPostprocessing = 0;
		};
		FEBA6DEF1DE2C4EA000478D9 /* Resources */ = {
			isa = PBXResourcesBuildPhase;
			buildActionMask = 2147483647;
			files = (
			);
			runOnlyForDeploymentPostprocessing = 0;
		};
		FEBA6DFA1DE2C4EB000478D9 /* Resources */ = {
			isa = PBXResourcesBuildPhase;
			buildActionMask = 2147483647;
			files = (
			);
			runOnlyForDeploymentPostprocessing = 0;
		};
/* End PBXResourcesBuildPhase section */

/* Begin PBXShellScriptBuildPhase section */
		5DBDC396CAFD295D293661EA /* 📦 Copy Pods Resources */ = {
			isa = PBXShellScriptBuildPhase;
			buildActionMask = 2147483647;
			files = (
			);
			inputPaths = (
			);
			name = "📦 Copy Pods Resources";
			outputPaths = (
			);
			runOnlyForDeploymentPostprocessing = 0;
			shellPath = /bin/sh;
			shellScript = "\"${SRCROOT}/Pods/Target Support Files/Pods-RxDemoTests/Pods-RxDemoTests-resources.sh\"\n";
			showEnvVarsInLog = 0;
		};
		5E1C0BA28FACE65DB79E87EE /* 📦 Copy Pods Resources */ = {
			isa = PBXShellScriptBuildPhase;
			buildActionMask = 2147483647;
			files = (
			);
			inputPaths = (
			);
			name = "📦 Copy Pods Resources";
			outputPaths = (
			);
			runOnlyForDeploymentPostprocessing = 0;
			shellPath = /bin/sh;
			shellScript = "\"${SRCROOT}/Pods/Target Support Files/Pods-RxDemo/Pods-RxDemo-resources.sh\"\n";
			showEnvVarsInLog = 0;
		};
		91EE1263C0BBD1D9C90962CF /* 📦 Check Pods Manifest.lock */ = {
			isa = PBXShellScriptBuildPhase;
			buildActionMask = 2147483647;
			files = (
			);
			inputPaths = (
			);
			name = "📦 Check Pods Manifest.lock";
			outputPaths = (
			);
			runOnlyForDeploymentPostprocessing = 0;
			shellPath = /bin/sh;
			shellScript = "diff \"${PODS_ROOT}/../Podfile.lock\" \"${PODS_ROOT}/Manifest.lock\" > /dev/null\nif [[ $? != 0 ]] ; then\n    cat << EOM\nerror: The sandbox is not in sync with the Podfile.lock. Run 'pod install' or update your CocoaPods installation.\nEOM\n    exit 1\nfi\n";
			showEnvVarsInLog = 0;
		};
		D40D8A39E062377715F6F36F /* 📦 Copy Pods Resources */ = {
			isa = PBXShellScriptBuildPhase;
			buildActionMask = 2147483647;
			files = (
			);
			inputPaths = (
			);
			name = "📦 Copy Pods Resources";
			outputPaths = (
			);
			runOnlyForDeploymentPostprocessing = 0;
			shellPath = /bin/sh;
			shellScript = "\"${SRCROOT}/Pods/Target Support Files/Pods-RxDemoUITests/Pods-RxDemoUITests-resources.sh\"\n";
			showEnvVarsInLog = 0;
		};
		D611EB6BD6F384D900AC2136 /* 📦 Check Pods Manifest.lock */ = {
			isa = PBXShellScriptBuildPhase;
			buildActionMask = 2147483647;
			files = (
			);
			inputPaths = (
			);
			name = "📦 Check Pods Manifest.lock";
			outputPaths = (
			);
			runOnlyForDeploymentPostprocessing = 0;
			shellPath = /bin/sh;
			shellScript = "diff \"${PODS_ROOT}/../Podfile.lock\" \"${PODS_ROOT}/Manifest.lock\" > /dev/null\nif [[ $? != 0 ]] ; then\n    cat << EOM\nerror: The sandbox is not in sync with the Podfile.lock. Run 'pod install' or update your CocoaPods installation.\nEOM\n    exit 1\nfi\n";
			showEnvVarsInLog = 0;
		};
		D7B06F1C907CF27893A6EDE9 /* 📦 Check Pods Manifest.lock */ = {
			isa = PBXShellScriptBuildPhase;
			buildActionMask = 2147483647;
			files = (
			);
			inputPaths = (
			);
			name = "📦 Check Pods Manifest.lock";
			outputPaths = (
			);
			runOnlyForDeploymentPostprocessing = 0;
			shellPath = /bin/sh;
			shellScript = "diff \"${PODS_ROOT}/../Podfile.lock\" \"${PODS_ROOT}/Manifest.lock\" > /dev/null\nif [[ $? != 0 ]] ; then\n    cat << EOM\nerror: The sandbox is not in sync with the Podfile.lock. Run 'pod install' or update your CocoaPods installation.\nEOM\n    exit 1\nfi\n";
			showEnvVarsInLog = 0;
		};
		D900686EAF9752E86B71B773 /* 📦 Embed Pods Frameworks */ = {
			isa = PBXShellScriptBuildPhase;
			buildActionMask = 2147483647;
			files = (
			);
			inputPaths = (
			);
			name = "📦 Embed Pods Frameworks";
			outputPaths = (
			);
			runOnlyForDeploymentPostprocessing = 0;
			shellPath = /bin/sh;
			shellScript = "\"${SRCROOT}/Pods/Target Support Files/Pods-RxDemo/Pods-RxDemo-frameworks.sh\"\n";
			showEnvVarsInLog = 0;
		};
		F13F587530D9151A6550C38A /* 📦 Embed Pods Frameworks */ = {
			isa = PBXShellScriptBuildPhase;
			buildActionMask = 2147483647;
			files = (
			);
			inputPaths = (
			);
			name = "📦 Embed Pods Frameworks";
			outputPaths = (
			);
			runOnlyForDeploymentPostprocessing = 0;
			shellPath = /bin/sh;
			shellScript = "\"${SRCROOT}/Pods/Target Support Files/Pods-RxDemoTests/Pods-RxDemoTests-frameworks.sh\"\n";
			showEnvVarsInLog = 0;
		};
/* End PBXShellScriptBuildPhase section */

/* Begin PBXSourcesBuildPhase section */
		FEBA6DD91DE2C4EA000478D9 /* Sources */ = {
			isa = PBXSourcesBuildPhase;
			buildActionMask = 2147483647;
			files = (
				FE2415FB1E1BAA170078051E /* Observable+ObjectMapper.swift in Sources */,
				FE42434A1DE5620C00319203 /* BasicCell.swift in Sources */,
				FE4243461DE533E300319203 /* ViewController.swift in Sources */,
				FE4243451DE533E300319203 /* ContentOffsetController.swift in Sources */,
				FE2415F61E1B7BD20078051E /* UserModel.swift in Sources */,
				FE4243481DE5342400319203 /* BasicModel.swift in Sources */,
				FEB9FABD1E1E29C6002FA0E2 /* Request+ObjectMapper.swift in Sources */,
				FEF1F9F91DEE671E0018DFFB /* SectionTableViewController.swift in Sources */,
				FEB9FABF1E1E2C4D002FA0E2 /* Response+ObjectMapper.swift in Sources */,
				FEBA6DE11DE2C4EA000478D9 /* AppDelegate.swift in Sources */,
				FE42434D1DE57C6100319203 /* SupportFunction.swift in Sources */,
				FE2415F81E1B82EA0078051E /* NetworkController.swift in Sources */,
			);
			runOnlyForDeploymentPostprocessing = 0;
		};
		FEBA6DED1DE2C4EA000478D9 /* Sources */ = {
			isa = PBXSourcesBuildPhase;
			buildActionMask = 2147483647;
			files = (
				FEBA6DF61DE2C4EB000478D9 /* RxDemoTests.swift in Sources */,
			);
			runOnlyForDeploymentPostprocessing = 0;
		};
		FEBA6DF81DE2C4EB000478D9 /* Sources */ = {
			isa = PBXSourcesBuildPhase;
			buildActionMask = 2147483647;
			files = (
				FEBA6E011DE2C4EB000478D9 /* RxDemoUITests.swift in Sources */,
			);
			runOnlyForDeploymentPostprocessing = 0;
		};
/* End PBXSourcesBuildPhase section */

/* Begin PBXTargetDependency section */
		FEBA6DF31DE2C4EA000478D9 /* PBXTargetDependency */ = {
			isa = PBXTargetDependency;
			target = FEBA6DDC1DE2C4EA000478D9 /* RxDemo */;
			targetProxy = FEBA6DF21DE2C4EA000478D9 /* PBXContainerItemProxy */;
		};
		FEBA6DFE1DE2C4EB000478D9 /* PBXTargetDependency */ = {
			isa = PBXTargetDependency;
			target = FEBA6DDC1DE2C4EA000478D9 /* RxDemo */;
			targetProxy = FEBA6DFD1DE2C4EB000478D9 /* PBXContainerItemProxy */;
		};
/* End PBXTargetDependency section */

/* Begin PBXVariantGroup section */
		FEBA6DE41DE2C4EA000478D9 /* Main.storyboard */ = {
			isa = PBXVariantGroup;
			children = (
				FEBA6DE51DE2C4EA000478D9 /* Base */,
			);
			name = Main.storyboard;
			sourceTree = "<group>";
		};
		FEBA6DE91DE2C4EA000478D9 /* LaunchScreen.storyboard */ = {
			isa = PBXVariantGroup;
			children = (
				FEBA6DEA1DE2C4EA000478D9 /* Base */,
			);
			name = LaunchScreen.storyboard;
			sourceTree = "<group>";
		};
/* End PBXVariantGroup section */

/* Begin XCBuildConfiguration section */
		FEBA6E031DE2C4EB000478D9 /* Debug */ = {
			isa = XCBuildConfiguration;
			buildSettings = {
				ALWAYS_SEARCH_USER_PATHS = NO;
				CLANG_ANALYZER_NONNULL = YES;
				CLANG_CXX_LANGUAGE_STANDARD = "gnu++0x";
				CLANG_CXX_LIBRARY = "libc++";
				CLANG_ENABLE_MODULES = YES;
				CLANG_ENABLE_OBJC_ARC = YES;
				CLANG_WARN_BOOL_CONVERSION = YES;
				CLANG_WARN_CONSTANT_CONVERSION = YES;
				CLANG_WARN_DIRECT_OBJC_ISA_USAGE = YES_ERROR;
				CLANG_WARN_DOCUMENTATION_COMMENTS = YES;
				CLANG_WARN_EMPTY_BODY = YES;
				CLANG_WARN_ENUM_CONVERSION = YES;
				CLANG_WARN_INFINITE_RECURSION = YES;
				CLANG_WARN_INT_CONVERSION = YES;
				CLANG_WARN_OBJC_ROOT_CLASS = YES_ERROR;
				CLANG_WARN_SUSPICIOUS_MOVE = YES;
				CLANG_WARN_SUSPICIOUS_MOVES = YES;
				CLANG_WARN_UNREACHABLE_CODE = YES;
				CLANG_WARN__DUPLICATE_METHOD_MATCH = YES;
				"CODE_SIGN_IDENTITY[sdk=iphoneos*]" = "iPhone Developer";
				COPY_PHASE_STRIP = NO;
				DEBUG_INFORMATION_FORMAT = dwarf;
				ENABLE_STRICT_OBJC_MSGSEND = YES;
				ENABLE_TESTABILITY = YES;
				GCC_C_LANGUAGE_STANDARD = gnu99;
				GCC_DYNAMIC_NO_PIC = NO;
				GCC_NO_COMMON_BLOCKS = YES;
				GCC_OPTIMIZATION_LEVEL = 0;
				GCC_PREPROCESSOR_DEFINITIONS = (
					"DEBUG=1",
					"$(inherited)",
				);
				GCC_WARN_64_TO_32_BIT_CONVERSION = YES;
				GCC_WARN_ABOUT_RETURN_TYPE = YES_ERROR;
				GCC_WARN_UNDECLARED_SELECTOR = YES;
				GCC_WARN_UNINITIALIZED_AUTOS = YES_AGGRESSIVE;
				GCC_WARN_UNUSED_FUNCTION = YES;
				GCC_WARN_UNUSED_VARIABLE = YES;
				IPHONEOS_DEPLOYMENT_TARGET = 10.0;
				MTL_ENABLE_DEBUG_INFO = YES;
				ONLY_ACTIVE_ARCH = YES;
				SDKROOT = iphoneos;
				SWIFT_ACTIVE_COMPILATION_CONDITIONS = DEBUG;
				SWIFT_OPTIMIZATION_LEVEL = "-Onone";
				TARGETED_DEVICE_FAMILY = "1,2";
			};
			name = Debug;
		};
		FEBA6E041DE2C4EB000478D9 /* Release */ = {
			isa = XCBuildConfiguration;
			buildSettings = {
				ALWAYS_SEARCH_USER_PATHS = NO;
				CLANG_ANALYZER_NONNULL = YES;
				CLANG_CXX_LANGUAGE_STANDARD = "gnu++0x";
				CLANG_CXX_LIBRARY = "libc++";
				CLANG_ENABLE_MODULES = YES;
				CLANG_ENABLE_OBJC_ARC = YES;
				CLANG_WARN_BOOL_CONVERSION = YES;
				CLANG_WARN_CONSTANT_CONVERSION = YES;
				CLANG_WARN_DIRECT_OBJC_ISA_USAGE = YES_ERROR;
				CLANG_WARN_DOCUMENTATION_COMMENTS = YES;
				CLANG_WARN_EMPTY_BODY = YES;
				CLANG_WARN_ENUM_CONVERSION = YES;
				CLANG_WARN_INFINITE_RECURSION = YES;
				CLANG_WARN_INT_CONVERSION = YES;
				CLANG_WARN_OBJC_ROOT_CLASS = YES_ERROR;
				CLANG_WARN_SUSPICIOUS_MOVE = YES;
				CLANG_WARN_SUSPICIOUS_MOVES = YES;
				CLANG_WARN_UNREACHABLE_CODE = YES;
				CLANG_WARN__DUPLICATE_METHOD_MATCH = YES;
				"CODE_SIGN_IDENTITY[sdk=iphoneos*]" = "iPhone Developer";
				COPY_PHASE_STRIP = NO;
				DEBUG_INFORMATION_FORMAT = "dwarf-with-dsym";
				ENABLE_NS_ASSERTIONS = NO;
				ENABLE_STRICT_OBJC_MSGSEND = YES;
				GCC_C_LANGUAGE_STANDARD = gnu99;
				GCC_NO_COMMON_BLOCKS = YES;
				GCC_WARN_64_TO_32_BIT_CONVERSION = YES;
				GCC_WARN_ABOUT_RETURN_TYPE = YES_ERROR;
				GCC_WARN_UNDECLARED_SELECTOR = YES;
				GCC_WARN_UNINITIALIZED_AUTOS = YES_AGGRESSIVE;
				GCC_WARN_UNUSED_FUNCTION = YES;
				GCC_WARN_UNUSED_VARIABLE = YES;
				IPHONEOS_DEPLOYMENT_TARGET = 10.0;
				MTL_ENABLE_DEBUG_INFO = NO;
				SDKROOT = iphoneos;
				SWIFT_OPTIMIZATION_LEVEL = "-Owholemodule";
				TARGETED_DEVICE_FAMILY = "1,2";
				VALIDATE_PRODUCT = YES;
			};
			name = Release;
		};
		FEBA6E061DE2C4EB000478D9 /* Debug */ = {
			isa = XCBuildConfiguration;
			baseConfigurationReference = FEE173E87ABA740246863C2C /* Pods-RxDemo.debug.xcconfig */;
			buildSettings = {
				ALWAYS_EMBED_SWIFT_STANDARD_LIBRARIES = YES;
				ASSETCATALOG_COMPILER_APPICON_NAME = AppIcon;
				"CODE_SIGN_IDENTITY[sdk=iphoneos*]" = "iPhone Developer";
				DEVELOPMENT_TEAM = B769F6JR7B;
				INFOPLIST_FILE = RxDemo/Info.plist;
				LD_RUNPATH_SEARCH_PATHS = "$(inherited) @executable_path/Frameworks";
				PRODUCT_BUNDLE_IDENTIFIER = com.sms.RxDemo;
				PRODUCT_NAME = "$(TARGET_NAME)";
				PROVISIONING_PROFILE = "";
				PROVISIONING_PROFILE_SPECIFIER = "";
				SWIFT_VERSION = 3.0;
			};
			name = Debug;
		};
		FEBA6E071DE2C4EB000478D9 /* Release */ = {
			isa = XCBuildConfiguration;
			baseConfigurationReference = 073AB0D7292CE25D11A46349 /* Pods-RxDemo.release.xcconfig */;
			buildSettings = {
				ALWAYS_EMBED_SWIFT_STANDARD_LIBRARIES = YES;
				ASSETCATALOG_COMPILER_APPICON_NAME = AppIcon;
				"CODE_SIGN_IDENTITY[sdk=iphoneos*]" = "iPhone Developer";
				DEVELOPMENT_TEAM = B769F6JR7B;
				INFOPLIST_FILE = RxDemo/Info.plist;
				LD_RUNPATH_SEARCH_PATHS = "$(inherited) @executable_path/Frameworks";
				PRODUCT_BUNDLE_IDENTIFIER = com.sms.RxDemo;
				PRODUCT_NAME = "$(TARGET_NAME)";
				SWIFT_VERSION = 3.0;
			};
			name = Release;
		};
		FEBA6E091DE2C4EB000478D9 /* Debug */ = {
			isa = XCBuildConfiguration;
			baseConfigurationReference = 7DD3A6FFE6CDF1F925A06AF3 /* Pods-RxDemoTests.debug.xcconfig */;
			buildSettings = {
				ALWAYS_EMBED_SWIFT_STANDARD_LIBRARIES = YES;
				BUNDLE_LOADER = "$(TEST_HOST)";
				INFOPLIST_FILE = RxDemoTests/Info.plist;
				LD_RUNPATH_SEARCH_PATHS = "$(inherited) @executable_path/Frameworks @loader_path/Frameworks";
				PRODUCT_BUNDLE_IDENTIFIER = com.sms.RxDemoTests;
				PRODUCT_NAME = "$(TARGET_NAME)";
				SWIFT_VERSION = 3.0;
				TEST_HOST = "$(BUILT_PRODUCTS_DIR)/RxDemo.app/RxDemo";
			};
			name = Debug;
		};
		FEBA6E0A1DE2C4EB000478D9 /* Release */ = {
			isa = XCBuildConfiguration;
			baseConfigurationReference = D1EEC142D26A7707E25A4447 /* Pods-RxDemoTests.release.xcconfig */;
			buildSettings = {
				ALWAYS_EMBED_SWIFT_STANDARD_LIBRARIES = YES;
				BUNDLE_LOADER = "$(TEST_HOST)";
				INFOPLIST_FILE = RxDemoTests/Info.plist;
				LD_RUNPATH_SEARCH_PATHS = "$(inherited) @executable_path/Frameworks @loader_path/Frameworks";
				PRODUCT_BUNDLE_IDENTIFIER = com.sms.RxDemoTests;
				PRODUCT_NAME = "$(TARGET_NAME)";
				SWIFT_VERSION = 3.0;
				TEST_HOST = "$(BUILT_PRODUCTS_DIR)/RxDemo.app/RxDemo";
			};
			name = Release;
		};
		FEBA6E0C1DE2C4EB000478D9 /* Debug */ = {
			isa = XCBuildConfiguration;
			baseConfigurationReference = 077ACC06503CEFD86D10B676 /* Pods-RxDemoUITests.debug.xcconfig */;
			buildSettings = {
				ALWAYS_EMBED_SWIFT_STANDARD_LIBRARIES = YES;
				INFOPLIST_FILE = RxDemoUITests/Info.plist;
				LD_RUNPATH_SEARCH_PATHS = "$(inherited) @executable_path/Frameworks @loader_path/Frameworks";
				PRODUCT_BUNDLE_IDENTIFIER = com.sms.RxDemoUITests;
				PRODUCT_NAME = "$(TARGET_NAME)";
				SWIFT_VERSION = 3.0;
				TEST_TARGET_NAME = RxDemo;
			};
			name = Debug;
		};
		FEBA6E0D1DE2C4EB000478D9 /* Release */ = {
			isa = XCBuildConfiguration;
			baseConfigurationReference = 0918076108F378861A0A60DB /* Pods-RxDemoUITests.release.xcconfig */;
			buildSettings = {
				ALWAYS_EMBED_SWIFT_STANDARD_LIBRARIES = YES;
				INFOPLIST_FILE = RxDemoUITests/Info.plist;
				LD_RUNPATH_SEARCH_PATHS = "$(inherited) @executable_path/Frameworks @loader_path/Frameworks";
				PRODUCT_BUNDLE_IDENTIFIER = com.sms.RxDemoUITests;
				PRODUCT_NAME = "$(TARGET_NAME)";
				SWIFT_VERSION = 3.0;
				TEST_TARGET_NAME = RxDemo;
			};
			name = Release;
		};
/* End XCBuildConfiguration section */

/* Begin XCConfigurationList section */
		FEBA6DD81DE2C4EA000478D9 /* Build configuration list for PBXProject "RxDemo" */ = {
			isa = XCConfigurationList;
			buildConfigurations = (
				FEBA6E031DE2C4EB000478D9 /* Debug */,
				FEBA6E041DE2C4EB000478D9 /* Release */,
			);
			defaultConfigurationIsVisible = 0;
			defaultConfigurationName = Release;
		};
		FEBA6E051DE2C4EB000478D9 /* Build configuration list for PBXNativeTarget "RxDemo" */ = {
			isa = XCConfigurationList;
			buildConfigurations = (
				FEBA6E061DE2C4EB000478D9 /* Debug */,
				FEBA6E071DE2C4EB000478D9 /* Release */,
			);
			defaultConfigurationIsVisible = 0;
			defaultConfigurationName = Release;
		};
		FEBA6E081DE2C4EB000478D9 /* Build configuration list for PBXNativeTarget "RxDemoTests" */ = {
			isa = XCConfigurationList;
			buildConfigurations = (
				FEBA6E091DE2C4EB000478D9 /* Debug */,
				FEBA6E0A1DE2C4EB000478D9 /* Release */,
			);
			defaultConfigurationIsVisible = 0;
			defaultConfigurationName = Release;
		};
		FEBA6E0B1DE2C4EB000478D9 /* Build configuration list for PBXNativeTarget "RxDemoUITests" */ = {
			isa = XCConfigurationList;
			buildConfigurations = (
				FEBA6E0C1DE2C4EB000478D9 /* Debug */,
				FEBA6E0D1DE2C4EB000478D9 /* Release */,
			);
			defaultConfigurationIsVisible = 0;
			defaultConfigurationName = Release;
		};
/* End XCConfigurationList section */
	};
	rootObject = FEBA6DD51DE2C4EA000478D9 /* Project object */;
}
